// !$*UTF8*$!
{
	archiveVersion = 1;
	classes = {
	};
	objectVersion = 50;
	objects = {

/* Begin PBXBuildFile section */
		1135621F26E23FAC007F443E /* SwiftUIDemoApp.swift in Sources */ = {isa = PBXBuildFile; fileRef = 1135621E26E23FAC007F443E /* SwiftUIDemoApp.swift */; };
		1135622126E23FAC007F443E /* InitialSceneView.swift in Sources */ = {isa = PBXBuildFile; fileRef = 1135622026E23FAC007F443E /* InitialSceneView.swift */; };
		1135622326E23FAF007F443E /* Assets.xcassets in Resources */ = {isa = PBXBuildFile; fileRef = 1135622226E23FAF007F443E /* Assets.xcassets */; };
		1135622626E23FAF007F443E /* Preview Assets.xcassets in Resources */ = {isa = PBXBuildFile; fileRef = 1135622526E23FAF007F443E /* Preview Assets.xcassets */; };
		1135623126E23FAF007F443E /* SwiftUIDemoTests.swift in Sources */ = {isa = PBXBuildFile; fileRef = 1135623026E23FAF007F443E /* SwiftUIDemoTests.swift */; };
		1135623C26E23FAF007F443E /* SwiftUIDemoUITests.swift in Sources */ = {isa = PBXBuildFile; fileRef = 1135623B26E23FAF007F443E /* SwiftUIDemoUITests.swift */; };
		1135624B26E36F09007F443E /* Font+custom.swift in Sources */ = {isa = PBXBuildFile; fileRef = 1135624A26E36F09007F443E /* Font+custom.swift */; };
		1135624D26E36F71007F443E /* CustomFont.swift in Sources */ = {isa = PBXBuildFile; fileRef = 1135624C26E36F71007F443E /* CustomFont.swift */; };
		1135624F26E3911B007F443E /* Colors.xcassets in Resources */ = {isa = PBXBuildFile; fileRef = 1135624E26E3911B007F443E /* Colors.xcassets */; };
		1135625226E396EF007F443E /* Color+custom.swift in Sources */ = {isa = PBXBuildFile; fileRef = 1135625126E396EF007F443E /* Color+custom.swift */; };
		1135625726E39A76007F443E /* SignInSceneView.swift in Sources */ = {isa = PBXBuildFile; fileRef = 1135625626E39A76007F443E /* SignInSceneView.swift */; };
		1135625A26E3A8A0007F443E /* View+Placeholder.swift in Sources */ = {isa = PBXBuildFile; fileRef = 1135625926E3A8A0007F443E /* View+Placeholder.swift */; };
		1135625D26E3AD93007F443E /* CustomTextField.swift in Sources */ = {isa = PBXBuildFile; fileRef = 1135625C26E3AD93007F443E /* CustomTextField.swift */; };
		1135625F26E3BC31007F443E /* WideRoundedButton.swift in Sources */ = {isa = PBXBuildFile; fileRef = 1135625E26E3BC31007F443E /* WideRoundedButton.swift */; };
		1135626126E3C61C007F443E /* AlreadyAnUserButton.swift in Sources */ = {isa = PBXBuildFile; fileRef = 1135626026E3C61C007F443E /* AlreadyAnUserButton.swift */; };
		1135626326E4C42C007F443E /* InitialSceneViewModel.swift in Sources */ = {isa = PBXBuildFile; fileRef = 1135626226E4C42C007F443E /* InitialSceneViewModel.swift */; };
		11B5B35226E9FA2000C199E8 /* SignUpSceneView.swift in Sources */ = {isa = PBXBuildFile; fileRef = 11B5B35126E9FA1F00C199E8 /* SignUpSceneView.swift */; };
		11B5B35426EA2B0C00C199E8 /* BackButtonView.swift in Sources */ = {isa = PBXBuildFile; fileRef = 11B5B35326EA2B0C00C199E8 /* BackButtonView.swift */; };
		11B5B35626EA3AA300C199E8 /* CapsuledButtonView.swift in Sources */ = {isa = PBXBuildFile; fileRef = 11B5B35526EA3AA300C199E8 /* CapsuledButtonView.swift */; };
		11B5B35826EA3E9600C199E8 /* FacebookLoginButtonView.swift in Sources */ = {isa = PBXBuildFile; fileRef = 11B5B35726EA3E9600C199E8 /* FacebookLoginButtonView.swift */; };
		11B5B35A26EA3F5300C199E8 /* GoogleLoginButtonView.swift in Sources */ = {isa = PBXBuildFile; fileRef = 11B5B35926EA3F5300C199E8 /* GoogleLoginButtonView.swift */; };
		11B5B35C26EF71AE00C199E8 /* CheckmarkView.swift in Sources */ = {isa = PBXBuildFile; fileRef = 11B5B35B26EF71AE00C199E8 /* CheckmarkView.swift */; };
		11B5B35E26EFC36800C199E8 /* SignUpViewModel.swift in Sources */ = {isa = PBXBuildFile; fileRef = 11B5B35D26EFC36800C199E8 /* SignUpViewModel.swift */; };
/* End PBXBuildFile section */

/* Begin PBXContainerItemProxy section */
		1135622D26E23FAF007F443E /* PBXContainerItemProxy */ = {
			isa = PBXContainerItemProxy;
			containerPortal = 1135621326E23FAC007F443E /* Project object */;
			proxyType = 1;
			remoteGlobalIDString = 1135621A26E23FAC007F443E;
			remoteInfo = SwiftUIDemo;
		};
		1135623826E23FAF007F443E /* PBXContainerItemProxy */ = {
			isa = PBXContainerItemProxy;
			containerPortal = 1135621326E23FAC007F443E /* Project object */;
			proxyType = 1;
			remoteGlobalIDString = 1135621A26E23FAC007F443E;
			remoteInfo = SwiftUIDemo;
		};
/* End PBXContainerItemProxy section */

/* Begin PBXFileReference section */
		1135621B26E23FAC007F443E /* SwiftUIDemo.app */ = {isa = PBXFileReference; explicitFileType = wrapper.application; includeInIndex = 0; path = SwiftUIDemo.app; sourceTree = BUILT_PRODUCTS_DIR; };
		1135621E26E23FAC007F443E /* SwiftUIDemoApp.swift */ = {isa = PBXFileReference; lastKnownFileType = sourcecode.swift; path = SwiftUIDemoApp.swift; sourceTree = "<group>"; };
		1135622026E23FAC007F443E /* InitialSceneView.swift */ = {isa = PBXFileReference; lastKnownFileType = sourcecode.swift; path = InitialSceneView.swift; sourceTree = "<group>"; };
		1135622226E23FAF007F443E /* Assets.xcassets */ = {isa = PBXFileReference; lastKnownFileType = folder.assetcatalog; path = Assets.xcassets; sourceTree = "<group>"; };
		1135622526E23FAF007F443E /* Preview Assets.xcassets */ = {isa = PBXFileReference; lastKnownFileType = folder.assetcatalog; path = "Preview Assets.xcassets"; sourceTree = "<group>"; };
		1135622726E23FAF007F443E /* Info.plist */ = {isa = PBXFileReference; lastKnownFileType = text.plist.xml; path = Info.plist; sourceTree = "<group>"; };
		1135622C26E23FAF007F443E /* SwiftUIDemoTests.xctest */ = {isa = PBXFileReference; explicitFileType = wrapper.cfbundle; includeInIndex = 0; path = SwiftUIDemoTests.xctest; sourceTree = BUILT_PRODUCTS_DIR; };
		1135623026E23FAF007F443E /* SwiftUIDemoTests.swift */ = {isa = PBXFileReference; lastKnownFileType = sourcecode.swift; path = SwiftUIDemoTests.swift; sourceTree = "<group>"; };
		1135623226E23FAF007F443E /* Info.plist */ = {isa = PBXFileReference; lastKnownFileType = text.plist.xml; path = Info.plist; sourceTree = "<group>"; };
		1135623726E23FAF007F443E /* SwiftUIDemoUITests.xctest */ = {isa = PBXFileReference; explicitFileType = wrapper.cfbundle; includeInIndex = 0; path = SwiftUIDemoUITests.xctest; sourceTree = BUILT_PRODUCTS_DIR; };
		1135623B26E23FAF007F443E /* SwiftUIDemoUITests.swift */ = {isa = PBXFileReference; lastKnownFileType = sourcecode.swift; path = SwiftUIDemoUITests.swift; sourceTree = "<group>"; };
		1135623D26E23FAF007F443E /* Info.plist */ = {isa = PBXFileReference; lastKnownFileType = text.plist.xml; path = Info.plist; sourceTree = "<group>"; };
		1135624A26E36F09007F443E /* Font+custom.swift */ = {isa = PBXFileReference; lastKnownFileType = sourcecode.swift; path = "Font+custom.swift"; sourceTree = "<group>"; };
		1135624C26E36F71007F443E /* CustomFont.swift */ = {isa = PBXFileReference; lastKnownFileType = sourcecode.swift; path = CustomFont.swift; sourceTree = "<group>"; };
		1135624E26E3911B007F443E /* Colors.xcassets */ = {isa = PBXFileReference; lastKnownFileType = folder.assetcatalog; path = Colors.xcassets; sourceTree = "<group>"; };
		1135625126E396EF007F443E /* Color+custom.swift */ = {isa = PBXFileReference; lastKnownFileType = sourcecode.swift; path = "Color+custom.swift"; sourceTree = "<group>"; };
		1135625626E39A76007F443E /* SignInSceneView.swift */ = {isa = PBXFileReference; lastKnownFileType = sourcecode.swift; path = SignInSceneView.swift; sourceTree = "<group>"; };
		1135625926E3A8A0007F443E /* View+Placeholder.swift */ = {isa = PBXFileReference; lastKnownFileType = sourcecode.swift; path = "View+Placeholder.swift"; sourceTree = "<group>"; };
		1135625C26E3AD93007F443E /* CustomTextField.swift */ = {isa = PBXFileReference; lastKnownFileType = sourcecode.swift; path = CustomTextField.swift; sourceTree = "<group>"; };
		1135625E26E3BC31007F443E /* WideRoundedButton.swift */ = {isa = PBXFileReference; lastKnownFileType = sourcecode.swift; path = WideRoundedButton.swift; sourceTree = "<group>"; };
		1135626026E3C61C007F443E /* AlreadyAnUserButton.swift */ = {isa = PBXFileReference; lastKnownFileType = sourcecode.swift; path = AlreadyAnUserButton.swift; sourceTree = "<group>"; };
		1135626226E4C42C007F443E /* InitialSceneViewModel.swift */ = {isa = PBXFileReference; lastKnownFileType = sourcecode.swift; path = InitialSceneViewModel.swift; sourceTree = "<group>"; };
		11B5B35126E9FA1F00C199E8 /* SignUpSceneView.swift */ = {isa = PBXFileReference; lastKnownFileType = sourcecode.swift; path = SignUpSceneView.swift; sourceTree = "<group>"; };
		11B5B35326EA2B0C00C199E8 /* BackButtonView.swift */ = {isa = PBXFileReference; lastKnownFileType = sourcecode.swift; path = BackButtonView.swift; sourceTree = "<group>"; };
		11B5B35526EA3AA300C199E8 /* CapsuledButtonView.swift */ = {isa = PBXFileReference; lastKnownFileType = sourcecode.swift; path = CapsuledButtonView.swift; sourceTree = "<group>"; };
		11B5B35726EA3E9600C199E8 /* FacebookLoginButtonView.swift */ = {isa = PBXFileReference; lastKnownFileType = sourcecode.swift; path = FacebookLoginButtonView.swift; sourceTree = "<group>"; };
		11B5B35926EA3F5300C199E8 /* GoogleLoginButtonView.swift */ = {isa = PBXFileReference; lastKnownFileType = sourcecode.swift; path = GoogleLoginButtonView.swift; sourceTree = "<group>"; };
		11B5B35B26EF71AE00C199E8 /* CheckmarkView.swift */ = {isa = PBXFileReference; lastKnownFileType = sourcecode.swift; path = CheckmarkView.swift; sourceTree = "<group>"; };
		11B5B35D26EFC36800C199E8 /* SignUpViewModel.swift */ = {isa = PBXFileReference; lastKnownFileType = sourcecode.swift; path = SignUpViewModel.swift; sourceTree = "<group>"; };
/* End PBXFileReference section */

/* Begin PBXFrameworksBuildPhase section */
		1135621826E23FAC007F443E /* Frameworks */ = {
			isa = PBXFrameworksBuildPhase;
			buildActionMask = 2147483647;
			files = (
			);
			runOnlyForDeploymentPostprocessing = 0;
		};
		1135622926E23FAF007F443E /* Frameworks */ = {
			isa = PBXFrameworksBuildPhase;
			buildActionMask = 2147483647;
			files = (
			);
			runOnlyForDeploymentPostprocessing = 0;
		};
		1135623426E23FAF007F443E /* Frameworks */ = {
			isa = PBXFrameworksBuildPhase;
			buildActionMask = 2147483647;
			files = (
			);
			runOnlyForDeploymentPostprocessing = 0;
		};
/* End PBXFrameworksBuildPhase section */

/* Begin PBXGroup section */
		1135621226E23FAC007F443E = {
			isa = PBXGroup;
			children = (
				1135621D26E23FAC007F443E /* SwiftUIDemo */,
				1135622F26E23FAF007F443E /* SwiftUIDemoTests */,
				1135623A26E23FAF007F443E /* SwiftUIDemoUITests */,
				1135621C26E23FAC007F443E /* Products */,
			);
			sourceTree = "<group>";
		};
		1135621C26E23FAC007F443E /* Products */ = {
			isa = PBXGroup;
			children = (
				1135621B26E23FAC007F443E /* SwiftUIDemo.app */,
				1135622C26E23FAF007F443E /* SwiftUIDemoTests.xctest */,
				1135623726E23FAF007F443E /* SwiftUIDemoUITests.xctest */,
			);
			name = Products;
			sourceTree = "<group>";
		};
		1135621D26E23FAC007F443E /* SwiftUIDemo */ = {
			isa = PBXGroup;
			children = (
				1135625B26E3AD4B007F443E /* CustomViews */,
				1135625426E398C0007F443E /* Scenes */,
				1135625026E396DB007F443E /* Colors */,
				1135624926E36EE1007F443E /* Fonts */,
				1135625826E3A875007F443E /* Extension */,
				1135621E26E23FAC007F443E /* SwiftUIDemoApp.swift */,
				1135622726E23FAF007F443E /* Info.plist */,
				1135622426E23FAF007F443E /* Preview Content */,
				1135622226E23FAF007F443E /* Assets.xcassets */,
				1135624E26E3911B007F443E /* Colors.xcassets */,
			);
			path = SwiftUIDemo;
			sourceTree = "<group>";
		};
		1135622426E23FAF007F443E /* Preview Content */ = {
			isa = PBXGroup;
			children = (
				1135622526E23FAF007F443E /* Preview Assets.xcassets */,
			);
			path = "Preview Content";
			sourceTree = "<group>";
		};
		1135622F26E23FAF007F443E /* SwiftUIDemoTests */ = {
			isa = PBXGroup;
			children = (
				1135623026E23FAF007F443E /* SwiftUIDemoTests.swift */,
				1135623226E23FAF007F443E /* Info.plist */,
			);
			path = SwiftUIDemoTests;
			sourceTree = "<group>";
		};
		1135623A26E23FAF007F443E /* SwiftUIDemoUITests */ = {
			isa = PBXGroup;
			children = (
				1135623B26E23FAF007F443E /* SwiftUIDemoUITests.swift */,
				1135623D26E23FAF007F443E /* Info.plist */,
			);
			path = SwiftUIDemoUITests;
			sourceTree = "<group>";
		};
		1135624926E36EE1007F443E /* Fonts */ = {
			isa = PBXGroup;
			children = (
				1135624A26E36F09007F443E /* Font+custom.swift */,
				1135624C26E36F71007F443E /* CustomFont.swift */,
			);
			path = Fonts;
			sourceTree = "<group>";
		};
		1135625026E396DB007F443E /* Colors */ = {
			isa = PBXGroup;
			children = (
				1135625126E396EF007F443E /* Color+custom.swift */,
			);
			path = Colors;
			sourceTree = "<group>";
		};
		1135625326E398B3007F443E /* InitialScene */ = {
			isa = PBXGroup;
			children = (
				1135622026E23FAC007F443E /* InitialSceneView.swift */,
				1135626226E4C42C007F443E /* InitialSceneViewModel.swift */,
			);
			path = InitialScene;
			sourceTree = "<group>";
		};
		1135625426E398C0007F443E /* Scenes */ = {
			isa = PBXGroup;
			children = (
				11B5B35026E9FA0B00C199E8 /* SignUpScene */,
				1135625526E398C9007F443E /* SignInScene */,
				1135625326E398B3007F443E /* InitialScene */,
			);
			path = Scenes;
			sourceTree = "<group>";
		};
		1135625526E398C9007F443E /* SignInScene */ = {
			isa = PBXGroup;
			children = (
				1135625626E39A76007F443E /* SignInSceneView.swift */,
			);
			path = SignInScene;
			sourceTree = "<group>";
		};
		1135625826E3A875007F443E /* Extension */ = {
			isa = PBXGroup;
			children = (
				1135625926E3A8A0007F443E /* View+Placeholder.swift */,
			);
			path = Extension;
			sourceTree = "<group>";
		};
		1135625B26E3AD4B007F443E /* CustomViews */ = {
			isa = PBXGroup;
			children = (
				1135625C26E3AD93007F443E /* CustomTextField.swift */,
				1135625E26E3BC31007F443E /* WideRoundedButton.swift */,
				1135626026E3C61C007F443E /* AlreadyAnUserButton.swift */,
				11B5B35326EA2B0C00C199E8 /* BackButtonView.swift */,
				11B5B35526EA3AA300C199E8 /* CapsuledButtonView.swift */,
				11B5B35726EA3E9600C199E8 /* FacebookLoginButtonView.swift */,
				11B5B35926EA3F5300C199E8 /* GoogleLoginButtonView.swift */,
				11B5B35B26EF71AE00C199E8 /* CheckmarkView.swift */,
			);
			path = CustomViews;
			sourceTree = "<group>";
		};
		11B5B35026E9FA0B00C199E8 /* SignUpScene */ = {
			isa = PBXGroup;
			children = (
				11B5B35126E9FA1F00C199E8 /* SignUpSceneView.swift */,
				11B5B35D26EFC36800C199E8 /* SignUpViewModel.swift */,
			);
			path = SignUpScene;
			sourceTree = "<group>";
		};
/* End PBXGroup section */

/* Begin PBXNativeTarget section */
		1135621A26E23FAC007F443E /* SwiftUIDemo */ = {
			isa = PBXNativeTarget;
			buildConfigurationList = 1135624026E23FAF007F443E /* Build configuration list for PBXNativeTarget "SwiftUIDemo" */;
			buildPhases = (
				1135621726E23FAC007F443E /* Sources */,
				1135621826E23FAC007F443E /* Frameworks */,
				1135621926E23FAC007F443E /* Resources */,
			);
			buildRules = (
			);
			dependencies = (
			);
			name = SwiftUIDemo;
			productName = SwiftUIDemo;
			productReference = 1135621B26E23FAC007F443E /* SwiftUIDemo.app */;
			productType = "com.apple.product-type.application";
		};
		1135622B26E23FAF007F443E /* SwiftUIDemoTests */ = {
			isa = PBXNativeTarget;
			buildConfigurationList = 1135624326E23FAF007F443E /* Build configuration list for PBXNativeTarget "SwiftUIDemoTests" */;
			buildPhases = (
				1135622826E23FAF007F443E /* Sources */,
				1135622926E23FAF007F443E /* Frameworks */,
				1135622A26E23FAF007F443E /* Resources */,
			);
			buildRules = (
			);
			dependencies = (
				1135622E26E23FAF007F443E /* PBXTargetDependency */,
			);
			name = SwiftUIDemoTests;
			productName = SwiftUIDemoTests;
			productReference = 1135622C26E23FAF007F443E /* SwiftUIDemoTests.xctest */;
			productType = "com.apple.product-type.bundle.unit-test";
		};
		1135623626E23FAF007F443E /* SwiftUIDemoUITests */ = {
			isa = PBXNativeTarget;
			buildConfigurationList = 1135624626E23FAF007F443E /* Build configuration list for PBXNativeTarget "SwiftUIDemoUITests" */;
			buildPhases = (
				1135623326E23FAF007F443E /* Sources */,
				1135623426E23FAF007F443E /* Frameworks */,
				1135623526E23FAF007F443E /* Resources */,
			);
			buildRules = (
			);
			dependencies = (
				1135623926E23FAF007F443E /* PBXTargetDependency */,
			);
			name = SwiftUIDemoUITests;
			productName = SwiftUIDemoUITests;
			productReference = 1135623726E23FAF007F443E /* SwiftUIDemoUITests.xctest */;
			productType = "com.apple.product-type.bundle.ui-testing";
		};
/* End PBXNativeTarget section */

/* Begin PBXProject section */
		1135621326E23FAC007F443E /* Project object */ = {
			isa = PBXProject;
			attributes = {
				LastSwiftUpdateCheck = 1250;
				LastUpgradeCheck = 1250;
				TargetAttributes = {
					1135621A26E23FAC007F443E = {
						CreatedOnToolsVersion = 12.5.1;
					};
					1135622B26E23FAF007F443E = {
						CreatedOnToolsVersion = 12.5.1;
						TestTargetID = 1135621A26E23FAC007F443E;
					};
					1135623626E23FAF007F443E = {
						CreatedOnToolsVersion = 12.5.1;
						TestTargetID = 1135621A26E23FAC007F443E;
					};
				};
			};
			buildConfigurationList = 1135621626E23FAC007F443E /* Build configuration list for PBXProject "SwiftUIDemo" */;
			compatibilityVersion = "Xcode 9.3";
			developmentRegion = en;
			hasScannedForEncodings = 0;
			knownRegions = (
				en,
				Base,
			);
			mainGroup = 1135621226E23FAC007F443E;
			productRefGroup = 1135621C26E23FAC007F443E /* Products */;
			projectDirPath = "";
			projectRoot = "";
			targets = (
				1135621A26E23FAC007F443E /* SwiftUIDemo */,
				1135622B26E23FAF007F443E /* SwiftUIDemoTests */,
				1135623626E23FAF007F443E /* SwiftUIDemoUITests */,
			);
		};
/* End PBXProject section */

/* Begin PBXResourcesBuildPhase section */
		1135621926E23FAC007F443E /* Resources */ = {
			isa = PBXResourcesBuildPhase;
			buildActionMask = 2147483647;
			files = (
				1135624F26E3911B007F443E /* Colors.xcassets in Resources */,
				1135622626E23FAF007F443E /* Preview Assets.xcassets in Resources */,
				1135622326E23FAF007F443E /* Assets.xcassets in Resources */,
			);
			runOnlyForDeploymentPostprocessing = 0;
		};
		1135622A26E23FAF007F443E /* Resources */ = {
			isa = PBXResourcesBuildPhase;
			buildActionMask = 2147483647;
			files = (
			);
			runOnlyForDeploymentPostprocessing = 0;
		};
		1135623526E23FAF007F443E /* Resources */ = {
			isa = PBXResourcesBuildPhase;
			buildActionMask = 2147483647;
			files = (
			);
			runOnlyForDeploymentPostprocessing = 0;
		};
/* End PBXResourcesBuildPhase section */

/* Begin PBXSourcesBuildPhase section */
		1135621726E23FAC007F443E /* Sources */ = {
			isa = PBXSourcesBuildPhase;
			buildActionMask = 2147483647;
			files = (
				1135622126E23FAC007F443E /* InitialSceneView.swift in Sources */,
				1135625A26E3A8A0007F443E /* View+Placeholder.swift in Sources */,
				11B5B35426EA2B0C00C199E8 /* BackButtonView.swift in Sources */,
				11B5B35A26EA3F5300C199E8 /* GoogleLoginButtonView.swift in Sources */,
				11B5B35E26EFC36800C199E8 /* SignUpViewModel.swift in Sources */,
				1135625F26E3BC31007F443E /* WideRoundedButton.swift in Sources */,
				1135624D26E36F71007F443E /* CustomFont.swift in Sources */,
				1135626326E4C42C007F443E /* InitialSceneViewModel.swift in Sources */,
				1135625226E396EF007F443E /* Color+custom.swift in Sources */,
				11B5B35626EA3AA300C199E8 /* CapsuledButtonView.swift in Sources */,
				1135625D26E3AD93007F443E /* CustomTextField.swift in Sources */,
				1135625726E39A76007F443E /* SignInSceneView.swift in Sources */,
				1135624B26E36F09007F443E /* Font+custom.swift in Sources */,
				11B5B35C26EF71AE00C199E8 /* CheckmarkView.swift in Sources */,
				1135626126E3C61C007F443E /* AlreadyAnUserButton.swift in Sources */,
				1135621F26E23FAC007F443E /* SwiftUIDemoApp.swift in Sources */,
				11B5B35226E9FA2000C199E8 /* SignUpSceneView.swift in Sources */,
				11B5B35826EA3E9600C199E8 /* FacebookLoginButtonView.swift in Sources */,
			);
			runOnlyForDeploymentPostprocessing = 0;
		};
		1135622826E23FAF007F443E /* Sources */ = {
			isa = PBXSourcesBuildPhase;
			buildActionMask = 2147483647;
			files = (
				1135623126E23FAF007F443E /* SwiftUIDemoTests.swift in Sources */,
			);
			runOnlyForDeploymentPostprocessing = 0;
		};
		1135623326E23FAF007F443E /* Sources */ = {
			isa = PBXSourcesBuildPhase;
			buildActionMask = 2147483647;
			files = (
				1135623C26E23FAF007F443E /* SwiftUIDemoUITests.swift in Sources */,
			);
			runOnlyForDeploymentPostprocessing = 0;
		};
/* End PBXSourcesBuildPhase section */

/* Begin PBXTargetDependency section */
		1135622E26E23FAF007F443E /* PBXTargetDependency */ = {
			isa = PBXTargetDependency;
			target = 1135621A26E23FAC007F443E /* SwiftUIDemo */;
			targetProxy = 1135622D26E23FAF007F443E /* PBXContainerItemProxy */;
		};
		1135623926E23FAF007F443E /* PBXTargetDependency */ = {
			isa = PBXTargetDependency;
			target = 1135621A26E23FAC007F443E /* SwiftUIDemo */;
			targetProxy = 1135623826E23FAF007F443E /* PBXContainerItemProxy */;
		};
/* End PBXTargetDependency section */

/* Begin XCBuildConfiguration section */
		1135623E26E23FAF007F443E /* Debug */ = {
			isa = XCBuildConfiguration;
			buildSettings = {
				ALWAYS_SEARCH_USER_PATHS = NO;
				CLANG_ANALYZER_NONNULL = YES;
				CLANG_ANALYZER_NUMBER_OBJECT_CONVERSION = YES_AGGRESSIVE;
				CLANG_CXX_LANGUAGE_STANDARD = "gnu++14";
				CLANG_CXX_LIBRARY = "libc++";
				CLANG_ENABLE_MODULES = YES;
				CLANG_ENABLE_OBJC_ARC = YES;
				CLANG_ENABLE_OBJC_WEAK = YES;
				CLANG_WARN_BLOCK_CAPTURE_AUTORELEASING = YES;
				CLANG_WARN_BOOL_CONVERSION = YES;
				CLANG_WARN_COMMA = YES;
				CLANG_WARN_CONSTANT_CONVERSION = YES;
				CLANG_WARN_DEPRECATED_OBJC_IMPLEMENTATIONS = YES;
				CLANG_WARN_DIRECT_OBJC_ISA_USAGE = YES_ERROR;
				CLANG_WARN_DOCUMENTATION_COMMENTS = YES;
				CLANG_WARN_EMPTY_BODY = YES;
				CLANG_WARN_ENUM_CONVERSION = YES;
				CLANG_WARN_INFINITE_RECURSION = YES;
				CLANG_WARN_INT_CONVERSION = YES;
				CLANG_WARN_NON_LITERAL_NULL_CONVERSION = YES;
				CLANG_WARN_OBJC_IMPLICIT_RETAIN_SELF = YES;
				CLANG_WARN_OBJC_LITERAL_CONVERSION = YES;
				CLANG_WARN_OBJC_ROOT_CLASS = YES_ERROR;
				CLANG_WARN_QUOTED_INCLUDE_IN_FRAMEWORK_HEADER = YES;
				CLANG_WARN_RANGE_LOOP_ANALYSIS = YES;
				CLANG_WARN_STRICT_PROTOTYPES = YES;
				CLANG_WARN_SUSPICIOUS_MOVE = YES;
				CLANG_WARN_UNGUARDED_AVAILABILITY = YES_AGGRESSIVE;
				CLANG_WARN_UNREACHABLE_CODE = YES;
				CLANG_WARN__DUPLICATE_METHOD_MATCH = YES;
				COPY_PHASE_STRIP = NO;
				DEBUG_INFORMATION_FORMAT = dwarf;
				ENABLE_STRICT_OBJC_MSGSEND = YES;
				ENABLE_TESTABILITY = YES;
				GCC_C_LANGUAGE_STANDARD = gnu11;
				GCC_DYNAMIC_NO_PIC = NO;
				GCC_NO_COMMON_BLOCKS = YES;
				GCC_OPTIMIZATION_LEVEL = 0;
				GCC_PREPROCESSOR_DEFINITIONS = (
					"DEBUG=1",
					"$(inherited)",
				);
				GCC_WARN_64_TO_32_BIT_CONVERSION = YES;
				GCC_WARN_ABOUT_RETURN_TYPE = YES_ERROR;
				GCC_WARN_UNDECLARED_SELECTOR = YES;
				GCC_WARN_UNINITIALIZED_AUTOS = YES_AGGRESSIVE;
				GCC_WARN_UNUSED_FUNCTION = YES;
				GCC_WARN_UNUSED_VARIABLE = YES;
				IPHONEOS_DEPLOYMENT_TARGET = 14.5;
				MTL_ENABLE_DEBUG_INFO = INCLUDE_SOURCE;
				MTL_FAST_MATH = YES;
				ONLY_ACTIVE_ARCH = YES;
				SDKROOT = iphoneos;
				SWIFT_ACTIVE_COMPILATION_CONDITIONS = DEBUG;
				SWIFT_OPTIMIZATION_LEVEL = "-Onone";
			};
			name = Debug;
		};
		1135623F26E23FAF007F443E /* Release */ = {
			isa = XCBuildConfiguration;
			buildSettings = {
				ALWAYS_SEARCH_USER_PATHS = NO;
				CLANG_ANALYZER_NONNULL = YES;
				CLANG_ANALYZER_NUMBER_OBJECT_CONVERSION = YES_AGGRESSIVE;
				CLANG_CXX_LANGUAGE_STANDARD = "gnu++14";
				CLANG_CXX_LIBRARY = "libc++";
				CLANG_ENABLE_MODULES = YES;
				CLANG_ENABLE_OBJC_ARC = YES;
				CLANG_ENABLE_OBJC_WEAK = YES;
				CLANG_WARN_BLOCK_CAPTURE_AUTORELEASING = YES;
				CLANG_WARN_BOOL_CONVERSION = YES;
				CLANG_WARN_COMMA = YES;
				CLANG_WARN_CONSTANT_CONVERSION = YES;
				CLANG_WARN_DEPRECATED_OBJC_IMPLEMENTATIONS = YES;
				CLANG_WARN_DIRECT_OBJC_ISA_USAGE = YES_ERROR;
				CLANG_WARN_DOCUMENTATION_COMMENTS = YES;
				CLANG_WARN_EMPTY_BODY = YES;
				CLANG_WARN_ENUM_CONVERSION = YES;
				CLANG_WARN_INFINITE_RECURSION = YES;
				CLANG_WARN_INT_CONVERSION = YES;
				CLANG_WARN_NON_LITERAL_NULL_CONVERSION = YES;
				CLANG_WARN_OBJC_IMPLICIT_RETAIN_SELF = YES;
				CLANG_WARN_OBJC_LITERAL_CONVERSION = YES;
				CLANG_WARN_OBJC_ROOT_CLASS = YES_ERROR;
				CLANG_WARN_QUOTED_INCLUDE_IN_FRAMEWORK_HEADER = YES;
				CLANG_WARN_RANGE_LOOP_ANALYSIS = YES;
				CLANG_WARN_STRICT_PROTOTYPES = YES;
				CLANG_WARN_SUSPICIOUS_MOVE = YES;
				CLANG_WARN_UNGUARDED_AVAILABILITY = YES_AGGRESSIVE;
				CLANG_WARN_UNREACHABLE_CODE = YES;
				CLANG_WARN__DUPLICATE_METHOD_MATCH = YES;
				COPY_PHASE_STRIP = NO;
				DEBUG_INFORMATION_FORMAT = "dwarf-with-dsym";
				ENABLE_NS_ASSERTIONS = NO;
				ENABLE_STRICT_OBJC_MSGSEND = YES;
				GCC_C_LANGUAGE_STANDARD = gnu11;
				GCC_NO_COMMON_BLOCKS = YES;
				GCC_WARN_64_TO_32_BIT_CONVERSION = YES;
				GCC_WARN_ABOUT_RETURN_TYPE = YES_ERROR;
				GCC_WARN_UNDECLARED_SELECTOR = YES;
				GCC_WARN_UNINITIALIZED_AUTOS = YES_AGGRESSIVE;
				GCC_WARN_UNUSED_FUNCTION = YES;
				GCC_WARN_UNUSED_VARIABLE = YES;
				IPHONEOS_DEPLOYMENT_TARGET = 14.5;
				MTL_ENABLE_DEBUG_INFO = NO;
				MTL_FAST_MATH = YES;
				SDKROOT = iphoneos;
				SWIFT_COMPILATION_MODE = wholemodule;
				SWIFT_OPTIMIZATION_LEVEL = "-O";
				VALIDATE_PRODUCT = YES;
			};
			name = Release;
		};
		1135624126E23FAF007F443E /* Debug */ = {
			isa = XCBuildConfiguration;
			buildSettings = {
				ASSETCATALOG_COMPILER_APPICON_NAME = AppIcon;
				ASSETCATALOG_COMPILER_GLOBAL_ACCENT_COLOR_NAME = AccentColor;
				CODE_SIGN_STYLE = Automatic;
				DEVELOPMENT_ASSET_PATHS = "\"SwiftUIDemo/Preview Content\"";
				DEVELOPMENT_TEAM = 4Y3VZVHK44;
				ENABLE_PREVIEWS = YES;
				INFOPLIST_FILE = SwiftUIDemo/Info.plist;
				IPHONEOS_DEPLOYMENT_TARGET = 14.0;
				LD_RUNPATH_SEARCH_PATHS = (
					"$(inherited)",
					"@executable_path/Frameworks",
				);
				PRODUCT_BUNDLE_IDENTIFIER = com.dvp.SwiftUIDemo;
				PRODUCT_NAME = "$(TARGET_NAME)";
				SWIFT_VERSION = 5.0;
				TARGETED_DEVICE_FAMILY = "1,2";
			};
			name = Debug;
		};
		1135624226E23FAF007F443E /* Release */ = {
			isa = XCBuildConfiguration;
			buildSettings = {
				ASSETCATALOG_COMPILER_APPICON_NAME = AppIcon;
				ASSETCATALOG_COMPILER_GLOBAL_ACCENT_COLOR_NAME = AccentColor;
				CODE_SIGN_STYLE = Automatic;
				DEVELOPMENT_ASSET_PATHS = "\"SwiftUIDemo/Preview Content\"";
				DEVELOPMENT_TEAM = 4Y3VZVHK44;
				ENABLE_PREVIEWS = YES;
				INFOPLIST_FILE = SwiftUIDemo/Info.plist;
				IPHONEOS_DEPLOYMENT_TARGET = 14.0;
				LD_RUNPATH_SEARCH_PATHS = (
					"$(inherited)",
					"@executable_path/Frameworks",
				);
				PRODUCT_BUNDLE_IDENTIFIER = com.dvp.SwiftUIDemo;
				PRODUCT_NAME = "$(TARGET_NAME)";
				SWIFT_VERSION = 5.0;
				TARGETED_DEVICE_FAMILY = "1,2";
			};
			name = Release;
		};
		1135624426E23FAF007F443E /* Debug */ = {
			isa = XCBuildConfiguration;
			buildSettings = {
				ALWAYS_EMBED_SWIFT_STANDARD_LIBRARIES = YES;
				BUNDLE_LOADER = "$(TEST_HOST)";
				CODE_SIGN_STYLE = Automatic;
				DEVELOPMENT_TEAM = 4Y3VZVHK44;
				INFOPLIST_FILE = SwiftUIDemoTests/Info.plist;
				IPHONEOS_DEPLOYMENT_TARGET = 14.0;
				LD_RUNPATH_SEARCH_PATHS = (
					"$(inherited)",
					"@executable_path/Frameworks",
					"@loader_path/Frameworks",
				);
				PRODUCT_BUNDLE_IDENTIFIER = com.dvp.SwiftUIDemoTests;
				PRODUCT_NAME = "$(TARGET_NAME)";
				SWIFT_VERSION = 5.0;
				TARGETED_DEVICE_FAMILY = "1,2";
				TEST_HOST = "$(BUILT_PRODUCTS_DIR)/SwiftUIDemo.app/SwiftUIDemo";
			};
			name = Debug;
		};
		1135624526E23FAF007F443E /* Release */ = {
			isa = XCBuildConfiguration;
			buildSettings = {
				ALWAYS_EMBED_SWIFT_STANDARD_LIBRARIES = YES;
				BUNDLE_LOADER = "$(TEST_HOST)";
				CODE_SIGN_STYLE = Automatic;
				DEVELOPMENT_TEAM = 4Y3VZVHK44;
				INFOPLIST_FILE = SwiftUIDemoTests/Info.plist;
				IPHONEOS_DEPLOYMENT_TARGET = 14.0;
				LD_RUNPATH_SEARCH_PATHS = (
					"$(inherited)",
					"@executable_path/Frameworks",
					"@loader_path/Frameworks",
				);
				PRODUCT_BUNDLE_IDENTIFIER = com.dvp.SwiftUIDemoTests;
				PRODUCT_NAME = "$(TARGET_NAME)";
				SWIFT_VERSION = 5.0;
				TARGETED_DEVICE_FAMILY = "1,2";
				TEST_HOST = "$(BUILT_PRODUCTS_DIR)/SwiftUIDemo.app/SwiftUIDemo";
			};
			name = Release;
		};
		1135624726E23FAF007F443E /* Debug */ = {
			isa = XCBuildConfiguration;
			buildSettings = {
				ALWAYS_EMBED_SWIFT_STANDARD_LIBRARIES = YES;
				CODE_SIGN_STYLE = Automatic;
				DEVELOPMENT_TEAM = 4Y3VZVHK44;
				INFOPLIST_FILE = SwiftUIDemoUITests/Info.plist;
				LD_RUNPATH_SEARCH_PATHS = (
					"$(inherited)",
					"@executable_path/Frameworks",
					"@loader_path/Frameworks",
				);
				PRODUCT_BUNDLE_IDENTIFIER = com.dvp.SwiftUIDemoUITests;
				PRODUCT_NAME = "$(TARGET_NAME)";
				SWIFT_VERSION = 5.0;
				TARGETED_DEVICE_FAMILY = "1,2";
				TEST_TARGET_NAME = SwiftUIDemo;
			};
			name = Debug;
		};
		1135624826E23FAF007F443E /* Release */ = {
			isa = XCBuildConfiguration;
			buildSettings = {
				ALWAYS_EMBED_SWIFT_STANDARD_LIBRARIES = YES;
				CODE_SIGN_STYLE = Automatic;
				DEVELOPMENT_TEAM = 4Y3VZVHK44;
				INFOPLIST_FILE = SwiftUIDemoUITests/Info.plist;
				LD_RUNPATH_SEARCH_PATHS = (
					"$(inherited)",
					"@executable_path/Frameworks",
					"@loader_path/Frameworks",
				);
				PRODUCT_BUNDLE_IDENTIFIER = com.dvp.SwiftUIDemoUITests;
				PRODUCT_NAME = "$(TARGET_NAME)";
				SWIFT_VERSION = 5.0;
				TARGETED_DEVICE_FAMILY = "1,2";
				TEST_TARGET_NAME = SwiftUIDemo;
			};
			name = Release;
		};
/* End XCBuildConfiguration section */

/* Begin XCConfigurationList section */
		1135621626E23FAC007F443E /* Build configuration list for PBXProject "SwiftUIDemo" */ = {
			isa = XCConfigurationList;
			buildConfigurations = (
				1135623E26E23FAF007F443E /* Debug */,
				1135623F26E23FAF007F443E /* Release */,
			);
			defaultConfigurationIsVisible = 0;
			defaultConfigurationName = Release;
		};
		1135624026E23FAF007F443E /* Build configuration list for PBXNativeTarget "SwiftUIDemo" */ = {
			isa = XCConfigurationList;
			buildConfigurations = (
				1135624126E23FAF007F443E /* Debug */,
				1135624226E23FAF007F443E /* Release */,
			);
			defaultConfigurationIsVisible = 0;
			defaultConfigurationName = Release;
		};
		1135624326E23FAF007F443E /* Build configuration list for PBXNativeTarget "SwiftUIDemoTests" */ = {
			isa = XCConfigurationList;
			buildConfigurations = (
				1135624426E23FAF007F443E /* Debug */,
				1135624526E23FAF007F443E /* Release */,
			);
			defaultConfigurationIsVisible = 0;
			defaultConfigurationName = Release;
		};
		1135624626E23FAF007F443E /* Build configuration list for PBXNativeTarget "SwiftUIDemoUITests" */ = {
			isa = XCConfigurationList;
			buildConfigurations = (
				1135624726E23FAF007F443E /* Debug */,
				1135624826E23FAF007F443E /* Release */,
			);
			defaultConfigurationIsVisible = 0;
			defaultConfigurationName = Release;
		};
/* End XCConfigurationList section */
	};
	rootObject = 1135621326E23FAC007F443E /* Project object */;
}
